<Solution>
  <Folder Name="/Solution Items/">
    <File Path="02 errors on start.JPG" />
    <File Path="03 solution structure after creation.JPG" />
    <File Path="Angular and ASP.NET Core template used.png" />
    <File Path="git_sam-klok_setup.bat" />
    <File Path="git_sergeklokov_setup.bat" />
    <File Path="ReadMe.md" />
  </Folder>
  <Project Path="asp-net-hosted-angular-spa.client/asp-net-hosted-angular-spa.client.esproj">
    <Build />
    <Deploy />
  </Project>
  <Project Path="ASP-NET-hosted-Angular-SPA.Server/ASP-NET-hosted-Angular-SPA.Server.csproj" />
</Solution>
